{
  "version": 4,
  "terraform_version": "1.7.0",
  "serial": 134,
  "lineage": "c82daf5d-6e62-c09c-637b-7ca232426ffd",
  "outputs": {},
  "resources": [
    {
      "mode": "managed",
      "type": "linode_firewall",
      "name": "firewall",
      "provider": "provider[\"registry.terraform.io/linode/linode\"]",
      "instances": [
        {
          "schema_version": 0,
          "attributes": {
            "created": "2024-01-23T02:51:03Z",
            "devices": [
              {
                "entity_id": 54260372,
                "id": 708526,
                "label": "CLOUDSVC-web-1",
                "type": "linode",
                "url": "/v4/linode/instances/54260372"
              },
              {
                "entity_id": 54260371,
                "id": 708527,
                "label": "CLOUDSVC-web-2",
                "type": "linode",
                "url": "/v4/linode/instances/54260371"
              }
            ],
            "disabled": false,
            "id": "327965",
            "inbound": [],
            "inbound_policy": "ACCEPT",
            "label": "CLOUDSVC_fw",
            "linodes": [
              54260371,
              54260372
            ],
            "nodebalancers": [],
            "outbound": [],
            "outbound_policy": "ACCEPT",
            "status": "enabled",
            "tags": [],
            "updated": "2024-01-23T02:56:48Z"
          },
          "sensitive_attributes": [],
          "private": "bnVsbA=="
        }
      ]
    },
    {
      "mode": "managed",
      "type": "linode_firewall_device",
      "name": "firewall_device",
      "provider": "provider[\"registry.terraform.io/linode/linode\"]",
      "instances": [
        {
          "index_key": 0,
          "schema_version": 0,
          "attributes": {
            "created": "2024-01-23T02:51:52Z",
            "entity_id": 54260372,
            "entity_type": "linode",
            "firewall_id": 327965,
            "id": 708526,
            "updated": "2024-01-23T02:51:52Z"
          },
          "sensitive_attributes": [],
          "dependencies": [
            "linode_firewall.firewall",
            "linode_instance.web",
            "linode_stackscript.install_nginx"
          ]
        },
        {
          "index_key": 1,
          "schema_version": 0,
          "attributes": {
            "created": "2024-01-23T02:51:52Z",
            "entity_id": 54260371,
            "entity_type": "linode",
            "firewall_id": 327965,
            "id": 708527,
            "updated": "2024-01-23T02:51:52Z"
          },
          "sensitive_attributes": [],
          "dependencies": [
            "linode_firewall.firewall",
            "linode_instance.web",
            "linode_stackscript.install_nginx"
          ]
        },
        {
          "index_key": 2,
          "schema_version": 0,
          "attributes": {
            "created": "2024-01-23T03:02:16Z",
            "entity_id": 54260617,
            "entity_type": "linode",
            "firewall_id": 327965,
            "id": 708532,
            "updated": "2024-01-23T03:02:16Z"
          },
          "sensitive_attributes": [],
          "dependencies": [
            "linode_firewall.firewall",
            "linode_instance.web",
            "linode_stackscript.install_nginx"
          ]
        }
      ]
    },
    {
      "mode": "managed",
      "type": "linode_instance",
      "name": "web",
      "provider": "provider[\"registry.terraform.io/linode/linode\"]",
      "instances": [
        {
          "index_key": 0,
          "schema_version": 0,
          "attributes": {
            "alerts": [
              {
                "cpu": 90,
                "io": 10000,
                "network_in": 10,
                "network_out": 10,
                "transfer_quota": 80
              }
            ],
            "authorized_keys": null,
            "authorized_users": null,
            "backup_id": null,
            "backups": [
              {
                "available": false,
                "enabled": false,
                "schedule": [
                  {
                    "day": "",
                    "window": ""
                  }
                ]
              }
            ],
            "backups_enabled": false,
            "boot_config_label": "My Rocky Linux 9 Profile",
            "booted": true,
            "config": [
              {
                "comments": "",
                "devices": [
                  {
                    "sda": [
                      {
                        "disk_id": 107497129,
                        "disk_label": "Rocky Linux 9 Disk",
                        "volume_id": 0
                      }
                    ],
                    "sdb": [
                      {
                        "disk_id": 107497130,
                        "disk_label": "512 MB Swap Image",
                        "volume_id": 0
                      }
                    ],
                    "sdc": [],
                    "sdd": [],
                    "sde": [],
                    "sdf": [],
                    "sdg": [],
                    "sdh": []
                  }
                ],
                "helpers": [
                  {
                    "devtmpfs_automount": true,
                    "distro": true,
                    "modules_dep": true,
                    "network": true,
                    "updatedb_disabled": true
                  }
                ],
                "id": 57340846,
                "interface": [],
                "kernel": "linode/grub2",
                "label": "My Rocky Linux 9 Profile",
                "memory_limit": 0,
                "root_device": "/dev/sda",
                "run_level": "default",
                "virt_mode": "paravirt"
              }
            ],
            "disk": [
              {
                "authorized_keys": [],
                "authorized_users": [],
                "filesystem": "ext4",
                "id": 107497129,
                "image": "",
                "label": "Rocky Linux 9 Disk",
                "read_only": false,
                "root_pass": "",
                "size": 50688,
                "stackscript_data": {},
                "stackscript_id": 0
              },
              {
                "authorized_keys": [],
                "authorized_users": [],
                "filesystem": "swap",
                "id": 107497130,
                "image": "",
                "label": "512 MB Swap Image",
                "read_only": false,
                "root_pass": "",
                "size": 512,
                "stackscript_data": {},
                "stackscript_id": 0
              }
            ],
            "firewall_id": null,
            "group": "",
            "has_user_data": false,
            "host_uuid": "4c086f176a28330d3b73f6181e4e42bfa1f7977a",
            "id": "54260372",
            "image": "linode/rocky9",
            "interface": [],
            "ip_address": "172.233.90.28",
            "ipv4": [
              "172.233.90.28",
              "192.168.139.129"
            ],
            "ipv6": "2400:8905::f03c:94ff:febd:0458/128",
            "label": "CLOUDSVC-web-1",
            "metadata": [],
            "migration_type": "cold",
            "private_ip": true,
            "private_ip_address": "192.168.139.129",
            "region": "jp-osa",
            "resize_disk": false,
            "root_pass": "KSY8qxgrpUZpPCPRcPXrWDltgWKk5AUagaBzzVz6HKKuzatUGnAR6BczzV6Xz3TqDaBsIrFP5aQUypQh1ciedg==",
            "shared_ipv4": [],
            "specs": [
              {
                "disk": 51200,
                "memory": 2048,
                "transfer": 2000,
                "vcpus": 1
              }
            ],
            "stackscript_data": null,
            "stackscript_id": 1301837,
            "status": "running",
            "swap_size": 512,
            "tags": [],
            "timeouts": null,
            "type": "g6-standard-1",
            "watchdog_enabled": true
          },
          "sensitive_attributes": [],
          "private": "eyJlMmJmYjczMC1lY2FhLTExZTYtOGY4OC0zNDM2M2JjN2M0YzAiOnsiY3JlYXRlIjo5MDAwMDAwMDAwMDAsImRlbGV0ZSI6NjAwMDAwMDAwMDAwLCJ1cGRhdGUiOjM2MDAwMDAwMDAwMDB9fQ==",
          "dependencies": [
            "linode_stackscript.install_nginx"
          ]
        },
        {
          "index_key": 1,
          "schema_version": 0,
          "attributes": {
            "alerts": [
              {
                "cpu": 90,
                "io": 10000,
                "network_in": 10,
                "network_out": 10,
                "transfer_quota": 80
              }
            ],
            "authorized_keys": null,
            "authorized_users": null,
            "backup_id": null,
            "backups": [
              {
                "available": false,
                "enabled": false,
                "schedule": [
                  {
                    "day": "",
                    "window": ""
                  }
                ]
              }
            ],
            "backups_enabled": false,
            "boot_config_label": "My Rocky Linux 9 Profile",
            "booted": true,
            "config": [
              {
                "comments": "",
                "devices": [
                  {
                    "sda": [
                      {
                        "disk_id": 107497127,
                        "disk_label": "Rocky Linux 9 Disk",
                        "volume_id": 0
                      }
                    ],
                    "sdb": [
                      {
                        "disk_id": 107497128,
                        "disk_label": "512 MB Swap Image",
                        "volume_id": 0
                      }
                    ],
                    "sdc": [],
                    "sdd": [],
                    "sde": [],
                    "sdf": [],
                    "sdg": [],
                    "sdh": []
                  }
                ],
                "helpers": [
                  {
                    "devtmpfs_automount": true,
                    "distro": true,
                    "modules_dep": true,
                    "network": true,
                    "updatedb_disabled": true
                  }
                ],
                "id": 57340845,
                "interface": [],
                "kernel": "linode/grub2",
                "label": "My Rocky Linux 9 Profile",
                "memory_limit": 0,
                "root_device": "/dev/sda",
                "run_level": "default",
                "virt_mode": "paravirt"
              }
            ],
            "disk": [
              {
                "authorized_keys": [],
                "authorized_users": [],
                "filesystem": "ext4",
                "id": 107497127,
                "image": "",
                "label": "Rocky Linux 9 Disk",
                "read_only": false,
                "root_pass": "",
                "size": 50688,
                "stackscript_data": {},
                "stackscript_id": 0
              },
              {
                "authorized_keys": [],
                "authorized_users": [],
                "filesystem": "swap",
                "id": 107497128,
                "image": "",
                "label": "512 MB Swap Image",
                "read_only": false,
                "root_pass": "",
                "size": 512,
                "stackscript_data": {},
                "stackscript_id": 0
              }
            ],
            "firewall_id": null,
            "group": "",
            "has_user_data": false,
            "host_uuid": "96ce1ad3b98a4c9ccf3236d0c8916ea9f705810e",
            "id": "54260371",
            "image": "linode/rocky9",
            "interface": [],
            "ip_address": "172.233.90.12",
            "ipv4": [
              "172.233.90.12",
              "192.168.139.102"
            ],
            "ipv6": "2400:8905::f03c:94ff:febd:0478/128",
            "label": "CLOUDSVC-web-2",
            "metadata": [],
            "migration_type": "cold",
            "private_ip": true,
            "private_ip_address": "192.168.139.102",
            "region": "jp-osa",
            "resize_disk": false,
            "root_pass": "KSY8qxgrpUZpPCPRcPXrWDltgWKk5AUagaBzzVz6HKKuzatUGnAR6BczzV6Xz3TqDaBsIrFP5aQUypQh1ciedg==",
            "shared_ipv4": [],
            "specs": [
              {
                "disk": 51200,
                "memory": 2048,
                "transfer": 2000,
                "vcpus": 1
              }
            ],
            "stackscript_data": null,
            "stackscript_id": 1301837,
            "status": "running",
            "swap_size": 512,
            "tags": [],
            "timeouts": null,
            "type": "g6-standard-1",
            "watchdog_enabled": true
          },
          "sensitive_attributes": [],
          "private": "eyJlMmJmYjczMC1lY2FhLTExZTYtOGY4OC0zNDM2M2JjN2M0YzAiOnsiY3JlYXRlIjo5MDAwMDAwMDAwMDAsImRlbGV0ZSI6NjAwMDAwMDAwMDAwLCJ1cGRhdGUiOjM2MDAwMDAwMDAwMDB9fQ==",
          "dependencies": [
            "linode_stackscript.install_nginx"
          ]
        },
        {
          "index_key": 2,
          "schema_version": 0,
          "attributes": {
            "alerts": [
              {
                "cpu": 90,
                "io": 10000,
                "network_in": 10,
                "network_out": 10,
                "transfer_quota": 80
              }
            ],
            "authorized_keys": null,
            "authorized_users": null,
            "backup_id": null,
            "backups": [
              {
                "available": false,
                "enabled": false,
                "schedule": [
                  {
                    "day": "",
                    "window": ""
                  }
                ]
              }
            ],
            "backups_enabled": false,
            "boot_config_label": "My Rocky Linux 9 Profile",
            "booted": true,
            "config": [
              {
                "comments": "",
                "devices": [
                  {
                    "sda": [
                      {
                        "disk_id": 107497533,
                        "disk_label": "Rocky Linux 9 Disk",
                        "volume_id": 0
                      }
                    ],
                    "sdb": [
                      {
                        "disk_id": 107497534,
                        "disk_label": "512 MB Swap Image",
                        "volume_id": 0
                      }
                    ],
                    "sdc": [],
                    "sdd": [],
                    "sde": [],
                    "sdf": [],
                    "sdg": [],
                    "sdh": []
                  }
                ],
                "helpers": [
                  {
                    "devtmpfs_automount": true,
                    "distro": true,
                    "modules_dep": true,
                    "network": true,
                    "updatedb_disabled": true
                  }
                ],
                "id": 57341075,
                "interface": [],
                "kernel": "linode/grub2",
                "label": "My Rocky Linux 9 Profile",
                "memory_limit": 0,
                "root_device": "/dev/sda",
                "run_level": "default",
                "virt_mode": "paravirt"
              }
            ],
            "disk": [
              {
                "authorized_keys": [],
                "authorized_users": [],
                "filesystem": "ext4",
                "id": 107497533,
                "image": "",
                "label": "Rocky Linux 9 Disk",
                "read_only": false,
                "root_pass": "",
                "size": 50688,
                "stackscript_data": {},
                "stackscript_id": 0
              },
              {
                "authorized_keys": [],
                "authorized_users": [],
                "filesystem": "swap",
                "id": 107497534,
                "image": "",
                "label": "512 MB Swap Image",
                "read_only": false,
                "root_pass": "",
                "size": 512,
                "stackscript_data": {},
                "stackscript_id": 0
              }
            ],
            "firewall_id": null,
            "group": "",
            "has_user_data": false,
            "host_uuid": "2c2ef426da74a10e295eb8576502d783221a3a3b",
            "id": "54260617",
            "image": "linode/rocky9",
            "interface": [],
            "ip_address": "172.233.90.62",
            "ipv4": [
              "172.233.90.62",
              "192.168.139.155"
            ],
            "ipv6": "2400:8905::f03c:94ff:febd:39ec/128",
            "label": "CLOUDSVC-web-3",
            "metadata": [],
            "migration_type": "cold",
            "private_ip": true,
            "private_ip_address": "192.168.139.155",
            "region": "jp-osa",
            "resize_disk": false,
            "root_pass": "KSY8qxgrpUZpPCPRcPXrWDltgWKk5AUagaBzzVz6HKKuzatUGnAR6BczzV6Xz3TqDaBsIrFP5aQUypQh1ciedg==",
            "shared_ipv4": [],
            "specs": [
              {
                "disk": 51200,
                "memory": 2048,
                "transfer": 2000,
                "vcpus": 1
              }
            ],
            "stackscript_data": null,
            "stackscript_id": 1301837,
            "status": "running",
            "swap_size": 512,
            "tags": null,
            "timeouts": null,
            "type": "g6-standard-1",
            "watchdog_enabled": true
          },
          "sensitive_attributes": [],
          "private": "eyJlMmJmYjczMC1lY2FhLTExZTYtOGY4OC0zNDM2M2JjN2M0YzAiOnsiY3JlYXRlIjo5MDAwMDAwMDAwMDAsImRlbGV0ZSI6NjAwMDAwMDAwMDAwLCJ1cGRhdGUiOjM2MDAwMDAwMDAwMDB9fQ==",
          "dependencies": [
            "linode_stackscript.install_nginx"
          ]
        }
      ]
    },
    {
      "mode": "managed",
      "type": "linode_nodebalancer",
      "name": "foobar",
      "provider": "provider[\"registry.terraform.io/linode/linode\"]",
      "instances": [
        {
          "schema_version": 1,
          "attributes": {
            "client_conn_throttle": 20,
            "created": "2024-01-23T02:51:03Z",
            "firewall_id": null,
            "hostname": "172-233-71-234.ip.linodeusercontent.com",
            "id": "519362",
            "ipv4": "172.233.71.234",
            "ipv6": "2400:8905:1::ace9:47ea",
            "label": "CLOUDSVC-LB",
            "region": "jp-osa",
            "tags": [],
            "transfer": [
              {
                "in": 0.005677223205566406,
                "out": 0.005722999572753906,
                "total": 0.011400222778320312
              }
            ],
            "updated": "2024-01-23T02:59:49Z"
          },
          "sensitive_attributes": []
        }
      ]
    },
    {
      "mode": "managed",
      "type": "linode_nodebalancer_config",
      "name": "foofig",
      "provider": "provider[\"registry.terraform.io/linode/linode\"]",
      "instances": [
        {
          "schema_version": 1,
          "attributes": {
            "algorithm": "source",
            "check": "http",
            "check_attempts": 2,
            "check_body": "",
            "check_interval": 31,
            "check_passive": true,
            "check_path": "/check.html",
            "check_timeout": 6,
            "cipher_suite": "recommended",
            "id": "804957",
            "node_status": [
              {
                "down": 0,
                "up": 2
              }
            ],
            "nodebalancer_id": 519362,
            "port": 80,
            "protocol": "http",
            "proxy_protocol": "none",
            "ssl_cert": null,
            "ssl_commonname": "",
            "ssl_fingerprint": "",
            "ssl_key": null,
            "stickiness": "http_cookie"
          },
          "sensitive_attributes": [],
          "private": "eyJzY2hlbWFfdmVyc2lvbiI6IjEifQ==",
          "dependencies": [
            "linode_nodebalancer.foobar"
          ]
        }
      ]
    },
    {
      "mode": "managed",
      "type": "linode_nodebalancer_node",
      "name": "foonode",
      "provider": "provider[\"registry.terraform.io/linode/linode\"]",
      "instances": [
        {
          "index_key": 0,
          "schema_version": 0,
          "attributes": {
            "address": "192.168.139.129:80",
            "config_id": 804957,
            "id": "1689279840",
            "label": "CLOUDSVC-LB-Node",
            "mode": "accept",
            "nodebalancer_id": 519362,
            "status": "UP",
            "weight": 50
          },
          "sensitive_attributes": [],
          "private": "bnVsbA==",
          "dependencies": [
            "linode_instance.web",
            "linode_nodebalancer.foobar",
            "linode_nodebalancer_config.foofig",
            "linode_stackscript.install_nginx"
          ]
        },
        {
          "index_key": 1,
          "schema_version": 0,
          "attributes": {
            "address": "192.168.139.102:80",
            "config_id": 804957,
            "id": "1689279846",
            "label": "CLOUDSVC-LB-Node",
            "mode": "accept",
            "nodebalancer_id": 519362,
            "status": "UP",
            "weight": 50
          },
          "sensitive_attributes": [],
          "private": "bnVsbA==",
          "dependencies": [
            "linode_instance.web",
            "linode_nodebalancer.foobar",
            "linode_nodebalancer_config.foofig",
            "linode_stackscript.install_nginx"
          ]
        },
        {
          "index_key": 2,
          "schema_version": 0,
          "attributes": {
            "address": "192.168.139.155:80",
            "config_id": 804957,
            "id": "1689447392",
            "label": "CLOUDSVC-LB-Node",
            "mode": "accept",
            "nodebalancer_id": 519362,
            "status": "Unknown",
            "weight": 50
          },
          "sensitive_attributes": [],
          "private": "bnVsbA==",
          "dependencies": [
            "linode_instance.web",
            "linode_nodebalancer.foobar",
            "linode_nodebalancer_config.foofig",
            "linode_stackscript.install_nginx"
          ]
        }
      ]
    },
    {
      "mode": "managed",
      "type": "linode_stackscript",
      "name": "install_nginx",
      "provider": "provider[\"registry.terraform.io/linode/linode\"]",
      "instances": [
        {
          "schema_version": 0,
          "attributes": {
            "created": "2024-01-23T02:51:03Z",
            "deployments_active": 2,
            "deployments_total": 1,
            "description": "Installs a Package",
            "id": "1301837",
            "images": [
              "linode/rocky9"
            ],
            "is_public": false,
            "label": "CLOUDSVC_test_nginx",
            "rev_note": "initial version",
            "script": "#!/bin/bash\n# \u003cUDF name=\"package\" label=\"System Package to Install\" example=\"nginx\" default=\"\"\u003e\nsudo dnf install nginx -y\nsudo systemctl enable nginx\nsudo systemctl start nginx\nsudo systemctl  stop firewalld.service\nsudo systemctl  disable firewalld.service\necho \"check\" \u003e\u003e /usr/share/nginx/html/check.html\necho \"ok\" \u003e\u003e /usr/share/nginx/html/index.html\n",
            "updated": "2024-01-23T02:51:03Z",
            "user_defined_fields": [
              {
                "default": "",
                "example": "nginx",
                "label": "System Package to Install",
                "many_of": "",
                "name": "package",
                "one_of": ""
              }
            ],
            "user_gravatar_id": "839a599652b3fd868d6534e3b7f2267a",
            "username": "cyyoon_cafe24"
          },
          "sensitive_attributes": []
        }
      ]
    }
  ],
  "check_results": null
}
